# This file is automatically @generated by Poetry 2.5.1 and should not be changed by hand.

[[package]]
name = "idna"
version = "3.20"
description = "Internationalized Domain Names in Applications (IDNA)"
optional = false
python-versions = ">=3.9"
groups = ["main"]
files = [
    {file = "idna-3.20-py3-none-any.whl", hash = "sha256:ab7ae7122974553370f0bdb919e1a960b2cd1bc1ef0276416d896db81c14582c"},
    {file = "idna-3.20.tar.gz", hash = "sha256:a7db850025b95ded1eae8a46181a1a6c56c92c96f0e2b005d9ff8dc0210cab44"},
]

[package.extras]
all = ["coverage (>=7.10.0)", "hypothesis (>=6.141.1)", "mypy (>=1.11.2)", "pytest (>=8.3.2)", "ruff (>=0.16.0)", "ty (>=0.0.37)"]

[metadata]
lock-version = "2.1"
python-versions = "^3.11"
content-hash = "4ccdc0fc6bf4f932e1d5e6d957015c4d95ff18fc5fc6e8b19c86399494b459d7"
